
Microsoft Visual Studio Solution File, Format Version 12.00
# Visual Studio Version 17
VisualStudioVersion = 17.6.33717.318
MinimumVisualStudioVersion = 10.0.40219.1
Project("{9A19103F-16F7-4668-BE54-9A1E7A4F7556}") = "Order.API", "Order.API.csproj", "{FE57A29A-CD39-4924-BE4A-0C7A5C1164A8}"
EndProject
Project("{9A19103F-16F7-4668-BE54-9A1E7A4F7556}") = "Order.Data", "..\Order.Data\Order.Data.csproj", "{5C02DEE3-47E9-47ED-8064-B45AFC00AADE}"
EndProject
Project("{2150E333-8FDC-42A3-9474-1A3956D46DE8}") = "Tests", "Tests", "{D0DDE971-7D85-481E-9F2F-60A57EBB4C96}"
EndProject
Project("{2150E333-8FDC-42A3-9474-1A3956D46DE8}") = "App", "App", "{058647EF-C8BF-4340-A751-58584F56E849}"
EndProject
Project("{9A19103F-16F7-4668-BE54-9A1E7A4F7556}") = "Order.Tests", "..\Order.Tests\Order.Tests.csproj", "{4997B590-CAC8-4656-BBA5-492537391262}"
EndProject
Project("{FAE04EC0-301F-11D3-BF4B-00C04F79EFBC}") = "Order.Broker", "..\Order.Broker\Order.Broker.csproj", "{321FA1CE-A6B0-4226-A5A4-549B1864546C}"
EndProject
Global
	GlobalSection(SolutionConfigurationPlatforms) = preSolution
		Debug|Any CPU = Debug|Any CPU
		Release|Any CPU = Release|Any CPU
	EndGlobalSection
	GlobalSection(ProjectConfigurationPlatforms) = postSolution
		{FE57A29A-CD39-4924-BE4A-0C7A5C1164A8}.Debug|Any CPU.ActiveCfg = Debug|Any CPU
		{FE57A29A-CD39-4924-BE4A-0C7A5C1164A8}.Debug|Any CPU.Build.0 = Debug|Any CPU
		{FE57A29A-CD39-4924-BE4A-0C7A5C1164A8}.Release|Any CPU.ActiveCfg = Release|Any CPU
		{FE57A29A-CD39-4924-BE4A-0C7A5C1164A8}.Release|Any CPU.Build.0 = Release|Any CPU
		{5C02DEE3-47E9-47ED-8064-B45AFC00AADE}.Debug|Any CPU.ActiveCfg = Debug|Any CPU
		{5C02DEE3-47E9-47ED-8064-B45AFC00AADE}.Debug|Any CPU.Build.0 = Debug|Any CPU
		{5C02DEE3-47E9-47ED-8064-B45AFC00AADE}.Release|Any CPU.ActiveCfg = Release|Any CPU
		{5C02DEE3-47E9-47ED-8064-B45AFC00AADE}.Release|Any CPU.Build.0 = Release|Any CPU
		{4997B590-CAC8-4656-BBA5-492537391262}.Debug|Any CPU.ActiveCfg = Debug|Any CPU
		{4997B590-CAC8-4656-BBA5-492537391262}.Debug|Any CPU.Build.0 = Debug|Any CPU
		{4997B590-CAC8-4656-BBA5-492537391262}.Release|Any CPU.ActiveCfg = Release|Any CPU
		{4997B590-CAC8-4656-BBA5-492537391262}.Release|Any CPU.Build.0 = Release|Any CPU
		{321FA1CE-A6B0-4226-A5A4-549B1864546C}.Debug|Any CPU.ActiveCfg = Debug|Any CPU
		{321FA1CE-A6B0-4226-A5A4-549B1864546C}.Debug|Any CPU.Build.0 = Debug|Any CPU
		{321FA1CE-A6B0-4226-A5A4-549B1864546C}.Release|Any CPU.ActiveCfg = Release|Any CPU
		{321FA1CE-A6B0-4226-A5A4-549B1864546C}.Release|Any CPU.Build.0 = Release|Any CPU
	EndGlobalSection
	GlobalSection(SolutionProperties) = preSolution
		HideSolutionNode = FALSE
	EndGlobalSection
	GlobalSection(NestedProjects) = preSolution
		{FE57A29A-CD39-4924-BE4A-0C7A5C1164A8} = {058647EF-C8BF-4340-A751-58584F56E849}
		{5C02DEE3-47E9-47ED-8064-B45AFC00AADE} = {058647EF-C8BF-4340-A751-58584F56E849}
		{4997B590-CAC8-4656-BBA5-492537391262} = {D0DDE971-7D85-481E-9F2F-60A57EBB4C96}
		{321FA1CE-A6B0-4226-A5A4-549B1864546C} = {058647EF-C8BF-4340-A751-58584F56E849}
	EndGlobalSection
	GlobalSection(ExtensibilityGlobals) = postSolution
		SolutionGuid = {6B992CEF-9F01-4374-8328-45E32B257D5B}
	EndGlobalSection
EndGlobal
